
Microsoft Visual Studio Solution File, Format Version 12.00
# Visual Studio 2013
VisualStudioVersion = 12.0.21005.1
MinimumVisualStudioVersion = 10.0.40219.1
Project("{FAE04EC0-301F-11D3-BF4B-00C04F79EFBC}") = "MyVerifyTCEng", "MyVerifyTCEng\MyVerifyTCEng.csproj", "{9EDA191A-9457-4787-9DD1-025BC6B0AFB7}"
EndProject
Global
	GlobalSection(SolutionConfigurationPlatforms) = preSolution
		Debug|Any CPU = Debug|Any CPU
		Release|Any CPU = Release|Any CPU
	EndGlobalSection
	GlobalSection(ProjectConfigurationPlatforms) = postSolution
		{9EDA191A-9457-4787-9DD1-025BC6B0AFB7}.Debug|Any CPU.ActiveCfg = Debug|Any CPU
		{9EDA191A-9457-4787-9DD1-025BC6B0AFB7}.Debug|Any CPU.Build.0 = Debug|Any CPU
		{9EDA191A-9457-4787-9DD1-025BC6B0AFB7}.Release|Any CPU.ActiveCfg = Release|Any CPU
		{9EDA191A-9457-4787-9DD1-025BC6B0AFB7}.Release|Any CPU.Build.0 = Release|Any CPU
	EndGlobalSection
	GlobalSection(SolutionProperties) = preSolution
		HideSolutionNode = FALSE
	EndGlobalSection
EndGlobal
